Microsoft Visual Studio Solution File, Format Version 10.00
# Visual Studio 2008

Project("{9C8E9D0B-0F95-762D-4C95-4622EFBAB4E5}") = "BattleTanks", "BattleTanks.csproj", "{12AE9ABB-82EA-F87B-8AEF-B49FDFAA4860}"
EndProject
Global
	GlobalSection(SolutionConfigurationPlatforms) = preSolution
		Debug|Any CPU = Debug|Any CPU
		Release|Any CPU = Release|Any CPU
	EndGlobalSection
	GlobalSection(ProjectConfigurationPlatforms) = postSolution
		{12AE9ABB-82EA-F87B-8AEF-B49FDFAA4860}.Debug|Any CPU.ActiveCfg = Debug|Any CPU
		{12AE9ABB-82EA-F87B-8AEF-B49FDFAA4860}.Debug|Any CPU.Build.0 = Debug|Any CPU
		{12AE9ABB-82EA-F87B-8AEF-B49FDFAA4860}.Release|Any CPU.ActiveCfg = Release|Any CPU
		{12AE9ABB-82EA-F87B-8AEF-B49FDFAA4860}.Release|Any CPU.Build.0 = Release|Any CPU
	EndGlobalSection
	GlobalSection(SolutionProperties) = preSolution
		HideSolutionNode = FALSE
	EndGlobalSection
	
EndGlobal
